
Microsoft Visual Studio Solution File, Format Version 12.00
# Visual Studio Version 17
VisualStudioVersion = 17.14.36518.9 d17.14
MinimumVisualStudioVersion = 10.0.40219.1
Project("{FAE04EC0-301F-11D3-BF4B-00C04F79EFBC}") = "SiaInteractive.API", "SiaInteractive.API\SiaInteractive.API.csproj", "{718AE0BD-8EE5-4999-953D-EBD7DA0F2771}"
EndProject
Project("{FAE04EC0-301F-11D3-BF4B-00C04F79EFBC}") = "SiaInteractive.Application", "SiaInteractive.Application\SiaInteractive.Application.csproj", "{DF762480-B2EC-4B99-8EB5-40D5E6C093DE}"
EndProject
Project("{FAE04EC0-301F-11D3-BF4B-00C04F79EFBC}") = "SiaInteractive.Infrastructure", "SiaInteractive.Infrastructure\SiaInteractive.Infrastructure.csproj", "{63D1226A-6A89-42C1-B743-6F8032547CC2}"
EndProject
Project("{FAE04EC0-301F-11D3-BF4B-00C04F79EFBC}") = "SiaInteractive.Domain", "SiaInteractive.Domain\SiaInteractive.Domain.csproj", "{BFFD0A0D-6C1A-4CA8-8E0D-D136729CCAEF}"
EndProject
Project("{FAE04EC0-301F-11D3-BF4B-00C04F79EFBC}") = "SiaInteractive.Application.Test", "SiaInteractive.Application.Test\SiaInteractive.Application.Test.csproj", "{79EF9C64-1625-40CD-B33C-EF95C3BD702A}"
EndProject
Global
	GlobalSection(SolutionConfigurationPlatforms) = preSolution
		Debug|Any CPU = Debug|Any CPU
		Release|Any CPU = Release|Any CPU
	EndGlobalSection
	GlobalSection(ProjectConfigurationPlatforms) = postSolution
		{718AE0BD-8EE5-4999-953D-EBD7DA0F2771}.Debug|Any CPU.ActiveCfg = Debug|Any CPU
		{718AE0BD-8EE5-4999-953D-EBD7DA0F2771}.Debug|Any CPU.Build.0 = Debug|Any CPU
		{718AE0BD-8EE5-4999-953D-EBD7DA0F2771}.Release|Any CPU.ActiveCfg = Release|Any CPU
		{718AE0BD-8EE5-4999-953D-EBD7DA0F2771}.Release|Any CPU.Build.0 = Release|Any CPU
		{DF762480-B2EC-4B99-8EB5-40D5E6C093DE}.Debug|Any CPU.ActiveCfg = Debug|Any CPU
		{DF762480-B2EC-4B99-8EB5-40D5E6C093DE}.Debug|Any CPU.Build.0 = Debug|Any CPU
		{DF762480-B2EC-4B99-8EB5-40D5E6C093DE}.Release|Any CPU.ActiveCfg = Release|Any CPU
		{DF762480-B2EC-4B99-8EB5-40D5E6C093DE}.Release|Any CPU.Build.0 = Release|Any CPU
		{63D1226A-6A89-42C1-B743-6F8032547CC2}.Debug|Any CPU.ActiveCfg = Debug|Any CPU
		{63D1226A-6A89-42C1-B743-6F8032547CC2}.Debug|Any CPU.Build.0 = Debug|Any CPU
		{63D1226A-6A89-42C1-B743-6F8032547CC2}.Release|Any CPU.ActiveCfg = Release|Any CPU
		{63D1226A-6A89-42C1-B743-6F8032547CC2}.Release|Any CPU.Build.0 = Release|Any CPU
		{BFFD0A0D-6C1A-4CA8-8E0D-D136729CCAEF}.Debug|Any CPU.ActiveCfg = Debug|Any CPU
		{BFFD0A0D-6C1A-4CA8-8E0D-D136729CCAEF}.Debug|Any CPU.Build.0 = Debug|Any CPU
		{BFFD0A0D-6C1A-4CA8-8E0D-D136729CCAEF}.Release|Any CPU.ActiveCfg = Release|Any CPU
		{BFFD0A0D-6C1A-4CA8-8E0D-D136729CCAEF}.Release|Any CPU.Build.0 = Release|Any CPU
		{79EF9C64-1625-40CD-B33C-EF95C3BD702A}.Debug|Any CPU.ActiveCfg = Debug|Any CPU
		{79EF9C64-1625-40CD-B33C-EF95C3BD702A}.Debug|Any CPU.Build.0 = Debug|Any CPU
		{79EF9C64-1625-40CD-B33C-EF95C3BD702A}.Release|Any CPU.ActiveCfg = Release|Any CPU
		{79EF9C64-1625-40CD-B33C-EF95C3BD702A}.Release|Any CPU.Build.0 = Release|Any CPU
	EndGlobalSection
	GlobalSection(SolutionProperties) = preSolution
		HideSolutionNode = FALSE
	EndGlobalSection
	GlobalSection(ExtensibilityGlobals) = postSolution
		SolutionGuid = {F80140A7-C9BE-43CD-B183-09AD46D7846F}
	EndGlobalSection
EndGlobal
